// !$*UTF8*$!
{
	archiveVersion = 1;
	classes = {
	};
	objectVersion = 56;
	objects = {

/* Begin PBXBuildFile section */
		7A68DB0D2BFE195200D1BC5E /* TMSHomework_Lesson44App.swift in Sources */ = {isa = PBXBuildFile; fileRef = 7A68DB0C2BFE195200D1BC5E /* TMSHomework_Lesson44App.swift */; };
		7A68DB0F2BFE195200D1BC5E /* ContentView.swift in Sources */ = {isa = PBXBuildFile; fileRef = 7A68DB0E2BFE195200D1BC5E /* ContentView.swift */; };
		7A68DB112BFE195400D1BC5E /* Assets.xcassets in Resources */ = {isa = PBXBuildFile; fileRef = 7A68DB102BFE195400D1BC5E /* Assets.xcassets */; };
		7A68DB142BFE195400D1BC5E /* Preview Assets.xcassets in Resources */ = {isa = PBXBuildFile; fileRef = 7A68DB132BFE195400D1BC5E /* Preview Assets.xcassets */; };
		7ADA0B772BFF3E6500CB309D /* APIService.swift in Sources */ = {isa = PBXBuildFile; fileRef = 7ADA0B762BFF3E6500CB309D /* APIService.swift */; };
		7ADA0B7B2BFF422400CB309D /* TeaCatalogueModel.swift in Sources */ = {isa = PBXBuildFile; fileRef = 7ADA0B7A2BFF422400CB309D /* TeaCatalogueModel.swift */; };
		7ADA0B7E2BFFB24900CB309D /* APIError.swift in Sources */ = {isa = PBXBuildFile; fileRef = 7ADA0B7D2BFFB24900CB309D /* APIError.swift */; };
		7ADA0B812C00AF1C00CB309D /* TeaViewModel.swift in Sources */ = {isa = PBXBuildFile; fileRef = 7ADA0B802C00AF1C00CB309D /* TeaViewModel.swift */; };
		7ADA0B832C0128D400CB309D /* TeaViewListCell.swift in Sources */ = {isa = PBXBuildFile; fileRef = 7ADA0B822C0128D400CB309D /* TeaViewListCell.swift */; };
		7ADA0B862C012A4A00CB309D /* TeaViewImageView.swift in Sources */ = {isa = PBXBuildFile; fileRef = 7ADA0B852C012A4A00CB309D /* TeaViewImageView.swift */; };
		7ADA0B882C013C2F00CB309D /* ListView.swift in Sources */ = {isa = PBXBuildFile; fileRef = 7ADA0B872C013C2F00CB309D /* ListView.swift */; };
		7ADA0B8A2C01546600CB309D /* CircleBackgroundView.swift in Sources */ = {isa = PBXBuildFile; fileRef = 7ADA0B892C01546600CB309D /* CircleBackgroundView.swift */; };
		7ADA0B8C2C01C60F00CB309D /* GridView.swift in Sources */ = {isa = PBXBuildFile; fileRef = 7ADA0B8B2C01C60F00CB309D /* GridView.swift */; };
		7ADA0B8E2C01C81200CB309D /* TeaViewGridCell.swift in Sources */ = {isa = PBXBuildFile; fileRef = 7ADA0B8D2C01C81200CB309D /* TeaViewGridCell.swift */; };
		7ADA0B932C01E1C100CB309D /* RealmSwift in Frameworks */ = {isa = PBXBuildFile; productRef = 7ADA0B922C01E1C100CB309D /* RealmSwift */; };
		7ADA0B952C01E22100CB309D /* RealmService.swift in Sources */ = {isa = PBXBuildFile; fileRef = 7ADA0B942C01E22100CB309D /* RealmService.swift */; };
		7ADA0B972C01E3B000CB309D /* TeaCatalogueRealmModel.swift in Sources */ = {isa = PBXBuildFile; fileRef = 7ADA0B962C01E3B000CB309D /* TeaCatalogueRealmModel.swift */; };
/* End PBXBuildFile section */

/* Begin PBXFileReference section */
		7A68DB092BFE195200D1BC5E /* TMSHomework-Lesson44.app */ = {isa = PBXFileReference; explicitFileType = wrapper.application; includeInIndex = 0; path = "TMSHomework-Lesson44.app"; sourceTree = BUILT_PRODUCTS_DIR; };
		7A68DB0C2BFE195200D1BC5E /* TMSHomework_Lesson44App.swift */ = {isa = PBXFileReference; lastKnownFileType = sourcecode.swift; path = TMSHomework_Lesson44App.swift; sourceTree = "<group>"; };
		7A68DB0E2BFE195200D1BC5E /* ContentView.swift */ = {isa = PBXFileReference; lastKnownFileType = sourcecode.swift; path = ContentView.swift; sourceTree = "<group>"; };
		7A68DB102BFE195400D1BC5E /* Assets.xcassets */ = {isa = PBXFileReference; lastKnownFileType = folder.assetcatalog; path = Assets.xcassets; sourceTree = "<group>"; };
		7A68DB132BFE195400D1BC5E /* Preview Assets.xcassets */ = {isa = PBXFileReference; lastKnownFileType = folder.assetcatalog; path = "Preview Assets.xcassets"; sourceTree = "<group>"; };
		7ADA0B762BFF3E6500CB309D /* APIService.swift */ = {isa = PBXFileReference; lastKnownFileType = sourcecode.swift; path = APIService.swift; sourceTree = "<group>"; };
		7ADA0B7A2BFF422400CB309D /* TeaCatalogueModel.swift */ = {isa = PBXFileReference; lastKnownFileType = sourcecode.swift; path = TeaCatalogueModel.swift; sourceTree = "<group>"; };
		7ADA0B7D2BFFB24900CB309D /* APIError.swift */ = {isa = PBXFileReference; lastKnownFileType = sourcecode.swift; path = APIError.swift; sourceTree = "<group>"; };
		7ADA0B802C00AF1C00CB309D /* TeaViewModel.swift */ = {isa = PBXFileReference; lastKnownFileType = sourcecode.swift; path = TeaViewModel.swift; sourceTree = "<group>"; };
		7ADA0B822C0128D400CB309D /* TeaViewListCell.swift */ = {isa = PBXFileReference; lastKnownFileType = sourcecode.swift; path = TeaViewListCell.swift; sourceTree = "<group>"; };
		7ADA0B852C012A4A00CB309D /* TeaViewImageView.swift */ = {isa = PBXFileReference; lastKnownFileType = sourcecode.swift; path = TeaViewImageView.swift; sourceTree = "<group>"; };
		7ADA0B872C013C2F00CB309D /* ListView.swift */ = {isa = PBXFileReference; lastKnownFileType = sourcecode.swift; path = ListView.swift; sourceTree = "<group>"; };
		7ADA0B892C01546600CB309D /* CircleBackgroundView.swift */ = {isa = PBXFileReference; lastKnownFileType = sourcecode.swift; path = CircleBackgroundView.swift; sourceTree = "<group>"; };
		7ADA0B8B2C01C60F00CB309D /* GridView.swift */ = {isa = PBXFileReference; lastKnownFileType = sourcecode.swift; path = GridView.swift; sourceTree = "<group>"; };
		7ADA0B8D2C01C81200CB309D /* TeaViewGridCell.swift */ = {isa = PBXFileReference; lastKnownFileType = sourcecode.swift; path = TeaViewGridCell.swift; sourceTree = "<group>"; };
		7ADA0B942C01E22100CB309D /* RealmService.swift */ = {isa = PBXFileReference; lastKnownFileType = sourcecode.swift; path = RealmService.swift; sourceTree = "<group>"; };
		7ADA0B962C01E3B000CB309D /* TeaCatalogueRealmModel.swift */ = {isa = PBXFileReference; lastKnownFileType = sourcecode.swift; path = TeaCatalogueRealmModel.swift; sourceTree = "<group>"; };
/* End PBXFileReference section */

/* Begin PBXFrameworksBuildPhase section */
		7A68DB062BFE195200D1BC5E /* Frameworks */ = {
			isa = PBXFrameworksBuildPhase;
			buildActionMask = 2147483647;
			files = (
				7ADA0B932C01E1C100CB309D /* RealmSwift in Frameworks */,
			);
			runOnlyForDeploymentPostprocessing = 0;
		};
/* End PBXFrameworksBuildPhase section */

/* Begin PBXGroup section */
		7A68DB002BFE195200D1BC5E = {
			isa = PBXGroup;
			children = (
				7A68DB0B2BFE195200D1BC5E /* TMSHomework-Lesson44 */,
				7A68DB0A2BFE195200D1BC5E /* Products */,
			);
			sourceTree = "<group>";
		};
		7A68DB0A2BFE195200D1BC5E /* Products */ = {
			isa = PBXGroup;
			children = (
				7A68DB092BFE195200D1BC5E /* TMSHomework-Lesson44.app */,
			);
			name = Products;
			sourceTree = "<group>";
		};
		7A68DB0B2BFE195200D1BC5E /* TMSHomework-Lesson44 */ = {
			isa = PBXGroup;
			children = (
				7A68DB0C2BFE195200D1BC5E /* TMSHomework_Lesson44App.swift */,
				7ADA0B792BFF41C700CB309D /* Models */,
				7ADA0B782BFF41B900CB309D /* Views */,
				7ADA0B7F2BFFB93500CB309D /* ViewModels */,
				7ADA0B7C2BFFA17F00CB309D /* Services */,
				7A68DB102BFE195400D1BC5E /* Assets.xcassets */,
				7A68DB122BFE195400D1BC5E /* Preview Content */,
			);
			path = "TMSHomework-Lesson44";
			sourceTree = "<group>";
		};
		7A68DB122BFE195400D1BC5E /* Preview Content */ = {
			isa = PBXGroup;
			children = (
				7A68DB132BFE195400D1BC5E /* Preview Assets.xcassets */,
			);
			path = "Preview Content";
			sourceTree = "<group>";
		};
		7ADA0B782BFF41B900CB309D /* Views */ = {
			isa = PBXGroup;
			children = (
				7A68DB0E2BFE195200D1BC5E /* ContentView.swift */,
				7ADA0B872C013C2F00CB309D /* ListView.swift */,
				7ADA0B8B2C01C60F00CB309D /* GridView.swift */,
				7ADA0B892C01546600CB309D /* CircleBackgroundView.swift */,
				7ADA0B842C012A3000CB309D /* Cells */,
			);
			path = Views;
			sourceTree = "<group>";
		};
		7ADA0B792BFF41C700CB309D /* Models */ = {
			isa = PBXGroup;
			children = (
				7ADA0B7A2BFF422400CB309D /* TeaCatalogueModel.swift */,
				7ADA0B962C01E3B000CB309D /* TeaCatalogueRealmModel.swift */,
				7ADA0B7D2BFFB24900CB309D /* APIError.swift */,
			);
			path = Models;
			sourceTree = "<group>";
		};
		7ADA0B7C2BFFA17F00CB309D /* Services */ = {
			isa = PBXGroup;
			children = (
				7ADA0B762BFF3E6500CB309D /* APIService.swift */,
				7ADA0B942C01E22100CB309D /* RealmService.swift */,
			);
			path = Services;
			sourceTree = "<group>";
		};
		7ADA0B7F2BFFB93500CB309D /* ViewModels */ = {
			isa = PBXGroup;
			children = (
				7ADA0B802C00AF1C00CB309D /* TeaViewModel.swift */,
			);
			path = ViewModels;
			sourceTree = "<group>";
		};
		7ADA0B842C012A3000CB309D /* Cells */ = {
			isa = PBXGroup;
			children = (
				7ADA0B822C0128D400CB309D /* TeaViewListCell.swift */,
				7ADA0B8D2C01C81200CB309D /* TeaViewGridCell.swift */,
				7ADA0B852C012A4A00CB309D /* TeaViewImageView.swift */,
			);
			path = Cells;
			sourceTree = "<group>";
		};
/* End PBXGroup section */

/* Begin PBXNativeTarget section */
		7A68DB082BFE195200D1BC5E /* TMSHomework-Lesson44 */ = {
			isa = PBXNativeTarget;
			buildConfigurationList = 7A68DB172BFE195400D1BC5E /* Build configuration list for PBXNativeTarget "TMSHomework-Lesson44" */;
			buildPhases = (
				7A68DB052BFE195200D1BC5E /* Sources */,
				7A68DB062BFE195200D1BC5E /* Frameworks */,
				7A68DB072BFE195200D1BC5E /* Resources */,
			);
			buildRules = (
			);
			dependencies = (
			);
			name = "TMSHomework-Lesson44";
			packageProductDependencies = (
				7ADA0B922C01E1C100CB309D /* RealmSwift */,
			);
			productName = "TMSHomework-Lesson44";
			productReference = 7A68DB092BFE195200D1BC5E /* TMSHomework-Lesson44.app */;
			productType = "com.apple.product-type.application";
		};
/* End PBXNativeTarget section */

/* Begin PBXProject section */
		7A68DB012BFE195200D1BC5E /* Project object */ = {
			isa = PBXProject;
			attributes = {
				BuildIndependentTargetsInParallel = 1;
				LastSwiftUpdateCheck = 1520;
				LastUpgradeCheck = 1520;
				TargetAttributes = {
					7A68DB082BFE195200D1BC5E = {
						CreatedOnToolsVersion = 15.2;
					};
				};
			};
			buildConfigurationList = 7A68DB042BFE195200D1BC5E /* Build configuration list for PBXProject "TMSHomework-Lesson44" */;
			compatibilityVersion = "Xcode 14.0";
			developmentRegion = en;
			hasScannedForEncodings = 0;
			knownRegions = (
				en,
				Base,
			);
			mainGroup = 7A68DB002BFE195200D1BC5E;
			packageReferences = (
				7ADA0B8F2C01E1C100CB309D /* XCRemoteSwiftPackageReference "realm-swift" */,
			);
			productRefGroup = 7A68DB0A2BFE195200D1BC5E /* Products */;
			projectDirPath = "";
			projectRoot = "";
			targets = (
				7A68DB082BFE195200D1BC5E /* TMSHomework-Lesson44 */,
			);
		};
/* End PBXProject section */

/* Begin PBXResourcesBuildPhase section */
		7A68DB072BFE195200D1BC5E /* Resources */ = {
			isa = PBXResourcesBuildPhase;
			buildActionMask = 2147483647;
			files = (
				7A68DB142BFE195400D1BC5E /* Preview Assets.xcassets in Resources */,
				7A68DB112BFE195400D1BC5E /* Assets.xcassets in Resources */,
			);
			runOnlyForDeploymentPostprocessing = 0;
		};
/* End PBXResourcesBuildPhase section */

/* Begin PBXSourcesBuildPhase section */
		7A68DB052BFE195200D1BC5E /* Sources */ = {
			isa = PBXSourcesBuildPhase;
			buildActionMask = 2147483647;
			files = (
				7ADA0B8A2C01546600CB309D /* CircleBackgroundView.swift in Sources */,
				7ADA0B7B2BFF422400CB309D /* TeaCatalogueModel.swift in Sources */,
				7ADA0B832C0128D400CB309D /* TeaViewListCell.swift in Sources */,
				7ADA0B8E2C01C81200CB309D /* TeaViewGridCell.swift in Sources */,
				7ADA0B8C2C01C60F00CB309D /* GridView.swift in Sources */,
				7A68DB0F2BFE195200D1BC5E /* ContentView.swift in Sources */,
				7ADA0B772BFF3E6500CB309D /* APIService.swift in Sources */,
				7ADA0B862C012A4A00CB309D /* TeaViewImageView.swift in Sources */,
				7ADA0B882C013C2F00CB309D /* ListView.swift in Sources */,
				7ADA0B952C01E22100CB309D /* RealmService.swift in Sources */,
				7ADA0B812C00AF1C00CB309D /* TeaViewModel.swift in Sources */,
				7A68DB0D2BFE195200D1BC5E /* TMSHomework_Lesson44App.swift in Sources */,
				7ADA0B972C01E3B000CB309D /* TeaCatalogueRealmModel.swift in Sources */,
				7ADA0B7E2BFFB24900CB309D /* APIError.swift in Sources */,
			);
			runOnlyForDeploymentPostprocessing = 0;
		};
/* End PBXSourcesBuildPhase section */

/* Begin XCBuildConfiguration section */
		7A68DB152BFE195400D1BC5E /* Debug */ = {
			isa = XCBuildConfiguration;
			buildSettings = {
				ALWAYS_SEARCH_USER_PATHS = NO;
				ASSETCATALOG_COMPILER_GENERATE_SWIFT_ASSET_SYMBOL_EXTENSIONS = YES;
				CLANG_ANALYZER_NONNULL = YES;
				CLANG_ANALYZER_NUMBER_OBJECT_CONVERSION = YES_AGGRESSIVE;
				CLANG_CXX_LANGUAGE_STANDARD = "gnu++20";
				CLANG_ENABLE_MODULES = YES;
				CLANG_ENABLE_OBJC_ARC = YES;
				CLANG_ENABLE_OBJC_WEAK = YES;
				CLANG_WARN_BLOCK_CAPTURE_AUTORELEASING = YES;
				CLANG_WARN_BOOL_CONVERSION = YES;
				CLANG_WARN_COMMA = YES;
				CLANG_WARN_CONSTANT_CONVERSION = YES;
				CLANG_WARN_DEPRECATED_OBJC_IMPLEMENTATIONS = YES;
				CLANG_WARN_DIRECT_OBJC_ISA_USAGE = YES_ERROR;
				CLANG_WARN_DOCUMENTATION_COMMENTS = YES;
				CLANG_WARN_EMPTY_BODY = YES;
				CLANG_WARN_ENUM_CONVERSION = YES;
				CLANG_WARN_INFINITE_RECURSION = YES;
				CLANG_WARN_INT_CONVERSION = YES;
				CLANG_WARN_NON_LITERAL_NULL_CONVERSION = YES;
				CLANG_WARN_OBJC_IMPLICIT_RETAIN_SELF = YES;
				CLANG_WARN_OBJC_LITERAL_CONVERSION = YES;
				CLANG_WARN_OBJC_ROOT_CLASS = YES_ERROR;
				CLANG_WARN_QUOTED_INCLUDE_IN_FRAMEWORK_HEADER = YES;
				CLANG_WARN_RANGE_LOOP_ANALYSIS = YES;
				CLANG_WARN_STRICT_PROTOTYPES = YES;
				CLANG_WARN_SUSPICIOUS_MOVE = YES;
				CLANG_WARN_UNGUARDED_AVAILABILITY = YES_AGGRESSIVE;
				CLANG_WARN_UNREACHABLE_CODE = YES;
				CLANG_WARN__DUPLICATE_METHOD_MATCH = YES;
				COPY_PHASE_STRIP = NO;
				DEBUG_INFORMATION_FORMAT = dwarf;
				ENABLE_STRICT_OBJC_MSGSEND = YES;
				ENABLE_TESTABILITY = YES;
				ENABLE_USER_SCRIPT_SANDBOXING = YES;
				GCC_C_LANGUAGE_STANDARD = gnu17;
				GCC_DYNAMIC_NO_PIC = NO;
				GCC_NO_COMMON_BLOCKS = YES;
				GCC_OPTIMIZATION_LEVEL = 0;
				GCC_PREPROCESSOR_DEFINITIONS = (
					"DEBUG=1",
					"$(inherited)",
				);
				GCC_WARN_64_TO_32_BIT_CONVERSION = YES;
				GCC_WARN_ABOUT_RETURN_TYPE = YES_ERROR;
				GCC_WARN_UNDECLARED_SELECTOR = YES;
				GCC_WARN_UNINITIALIZED_AUTOS = YES_AGGRESSIVE;
				GCC_WARN_UNUSED_FUNCTION = YES;
				GCC_WARN_UNUSED_VARIABLE = YES;
				IPHONEOS_DEPLOYMENT_TARGET = 17.2;
				LOCALIZATION_PREFERS_STRING_CATALOGS = YES;
				MTL_ENABLE_DEBUG_INFO = INCLUDE_SOURCE;
				MTL_FAST_MATH = YES;
				ONLY_ACTIVE_ARCH = YES;
				SDKROOT = iphoneos;
				SWIFT_ACTIVE_COMPILATION_CONDITIONS = "DEBUG $(inherited)";
				SWIFT_OPTIMIZATION_LEVEL = "-Onone";
			};
			name = Debug;
		};
		7A68DB162BFE195400D1BC5E /* Release */ = {
			isa = XCBuildConfiguration;
			buildSettings = {
				ALWAYS_SEARCH_USER_PATHS = NO;
				ASSETCATALOG_COMPILER_GENERATE_SWIFT_ASSET_SYMBOL_EXTENSIONS = YES;
				CLANG_ANALYZER_NONNULL = YES;
				CLANG_ANALYZER_NUMBER_OBJECT_CONVERSION = YES_AGGRESSIVE;
				CLANG_CXX_LANGUAGE_STANDARD = "gnu++20";
				CLANG_ENABLE_MODULES = YES;
				CLANG_ENABLE_OBJC_ARC = YES;
				CLANG_ENABLE_OBJC_WEAK = YES;
				CLANG_WARN_BLOCK_CAPTURE_AUTORELEASING = YES;
				CLANG_WARN_BOOL_CONVERSION = YES;
				CLANG_WARN_COMMA = YES;
				CLANG_WARN_CONSTANT_CONVERSION = YES;
				CLANG_WARN_DEPRECATED_OBJC_IMPLEMENTATIONS = YES;
				CLANG_WARN_DIRECT_OBJC_ISA_USAGE = YES_ERROR;
				CLANG_WARN_DOCUMENTATION_COMMENTS = YES;
				CLANG_WARN_EMPTY_BODY = YES;
				CLANG_WARN_ENUM_CONVERSION = YES;
				CLANG_WARN_INFINITE_RECURSION = YES;
				CLANG_WARN_INT_CONVERSION = YES;
				CLANG_WARN_NON_LITERAL_NULL_CONVERSION = YES;
				CLANG_WARN_OBJC_IMPLICIT_RETAIN_SELF = YES;
				CLANG_WARN_OBJC_LITERAL_CONVERSION = YES;
				CLANG_WARN_OBJC_ROOT_CLASS = YES_ERROR;
				CLANG_WARN_QUOTED_INCLUDE_IN_FRAMEWORK_HEADER = YES;
				CLANG_WARN_RANGE_LOOP_ANALYSIS = YES;
				CLANG_WARN_STRICT_PROTOTYPES = YES;
				CLANG_WARN_SUSPICIOUS_MOVE = YES;
				CLANG_WARN_UNGUARDED_AVAILABILITY = YES_AGGRESSIVE;
				CLANG_WARN_UNREACHABLE_CODE = YES;
				CLANG_WARN__DUPLICATE_METHOD_MATCH = YES;
				COPY_PHASE_STRIP = NO;
				DEBUG_INFORMATION_FORMAT = "dwarf-with-dsym";
				ENABLE_NS_ASSERTIONS = NO;
				ENABLE_STRICT_OBJC_MSGSEND = YES;
				ENABLE_USER_SCRIPT_SANDBOXING = YES;
				GCC_C_LANGUAGE_STANDARD = gnu17;
				GCC_NO_COMMON_BLOCKS = YES;
				GCC_WARN_64_TO_32_BIT_CONVERSION = YES;
				GCC_WARN_ABOUT_RETURN_TYPE = YES_ERROR;
				GCC_WARN_UNDECLARED_SELECTOR = YES;
				GCC_WARN_UNINITIALIZED_AUTOS = YES_AGGRESSIVE;
				GCC_WARN_UNUSED_FUNCTION = YES;
				GCC_WARN_UNUSED_VARIABLE = YES;
				IPHONEOS_DEPLOYMENT_TARGET = 17.2;
				LOCALIZATION_PREFERS_STRING_CATALOGS = YES;
				MTL_ENABLE_DEBUG_INFO = NO;
				MTL_FAST_MATH = YES;
				SDKROOT = iphoneos;
				SWIFT_COMPILATION_MODE = wholemodule;
				VALIDATE_PRODUCT = YES;
			};
			name = Release;
		};
		7A68DB182BFE195400D1BC5E /* Debug */ = {
			isa = XCBuildConfiguration;
			buildSettings = {
				ASSETCATALOG_COMPILER_APPICON_NAME = AppIcon;
				ASSETCATALOG_COMPILER_GLOBAL_ACCENT_COLOR_NAME = AccentColor;
				CODE_SIGN_STYLE = Automatic;
				CURRENT_PROJECT_VERSION = 1;
				DEVELOPMENT_ASSET_PATHS = "\"TMSHomework-Lesson44/Preview Content\"";
				DEVELOPMENT_TEAM = BLSN95DCGL;
				ENABLE_PREVIEWS = YES;
				GENERATE_INFOPLIST_FILE = YES;
				INFOPLIST_KEY_UIApplicationSceneManifest_Generation = YES;
				INFOPLIST_KEY_UIApplicationSupportsIndirectInputEvents = YES;
				INFOPLIST_KEY_UILaunchScreen_Generation = YES;
				INFOPLIST_KEY_UISupportedInterfaceOrientations_iPad = "UIInterfaceOrientationPortrait UIInterfaceOrientationPortraitUpsideDown UIInterfaceOrientationLandscapeLeft UIInterfaceOrientationLandscapeRight";
				INFOPLIST_KEY_UISupportedInterfaceOrientations_iPhone = "UIInterfaceOrientationPortrait UIInterfaceOrientationLandscapeLeft UIInterfaceOrientationLandscapeRight";
				LD_RUNPATH_SEARCH_PATHS = (
					"$(inherited)",
					"@executable_path/Frameworks",
				);
				MARKETING_VERSION = 1.0;
				PRODUCT_BUNDLE_IDENTIFIER = "com.example.TMSHomework-Lesson44";
				PRODUCT_NAME = "$(TARGET_NAME)";
				SWIFT_EMIT_LOC_STRINGS = YES;
				SWIFT_VERSION = 5.0;
				TARGETED_DEVICE_FAMILY = "1,2";
			};
			name = Debug;
		};
		7A68DB192BFE195400D1BC5E /* Release */ = {
			isa = XCBuildConfiguration;
			buildSettings = {
				ASSETCATALOG_COMPILER_APPICON_NAME = AppIcon;
				ASSETCATALOG_COMPILER_GLOBAL_ACCENT_COLOR_NAME = AccentColor;
				CODE_SIGN_STYLE = Automatic;
				CURRENT_PROJECT_VERSION = 1;
				DEVELOPMENT_ASSET_PATHS = "\"TMSHomework-Lesson44/Preview Content\"";
				DEVELOPMENT_TEAM = BLSN95DCGL;
				ENABLE_PREVIEWS = YES;
				GENERATE_INFOPLIST_FILE = YES;
				INFOPLIST_KEY_UIApplicationSceneManifest_Generation = YES;
				INFOPLIST_KEY_UIApplicationSupportsIndirectInputEvents = YES;
				INFOPLIST_KEY_UILaunchScreen_Generation = YES;
				INFOPLIST_KEY_UISupportedInterfaceOrientations_iPad = "UIInterfaceOrientationPortrait UIInterfaceOrientationPortraitUpsideDown UIInterfaceOrientationLandscapeLeft UIInterfaceOrientationLandscapeRight";
				INFOPLIST_KEY_UISupportedInterfaceOrientations_iPhone = "UIInterfaceOrientationPortrait UIInterfaceOrientationLandscapeLeft UIInterfaceOrientationLandscapeRight";
				LD_RUNPATH_SEARCH_PATHS = (
					"$(inherited)",
					"@executable_path/Frameworks",
				);
				MARKETING_VERSION = 1.0;
				PRODUCT_BUNDLE_IDENTIFIER = "com.example.TMSHomework-Lesson44";
				PRODUCT_NAME = "$(TARGET_NAME)";
				SWIFT_EMIT_LOC_STRINGS = YES;
				SWIFT_VERSION = 5.0;
				TARGETED_DEVICE_FAMILY = "1,2";
			};
			name = Release;
		};
/* End XCBuildConfiguration section */

/* Begin XCConfigurationList section */
		7A68DB042BFE195200D1BC5E /* Build configuration list for PBXProject "TMSHomework-Lesson44" */ = {
			isa = XCConfigurationList;
			buildConfigurations = (
				7A68DB152BFE195400D1BC5E /* Debug */,
				7A68DB162BFE195400D1BC5E /* Release */,
			);
			defaultConfigurationIsVisible = 0;
			defaultConfigurationName = Release;
		};
		7A68DB172BFE195400D1BC5E /* Build configuration list for PBXNativeTarget "TMSHomework-Lesson44" */ = {
			isa = XCConfigurationList;
			buildConfigurations = (
				7A68DB182BFE195400D1BC5E /* Debug */,
				7A68DB192BFE195400D1BC5E /* Release */,
			);
			defaultConfigurationIsVisible = 0;
			defaultConfigurationName = Release;
		};
/* End XCConfigurationList section */

/* Begin XCRemoteSwiftPackageReference section */
		7ADA0B8F2C01E1C100CB309D /* XCRemoteSwiftPackageReference "realm-swift" */ = {
			isa = XCRemoteSwiftPackageReference;
			repositoryURL = "https://github.com/realm/realm-swift";
			requirement = {
				branch = master;
				kind = branch;
			};
		};
/* End XCRemoteSwiftPackageReference section */

/* Begin XCSwiftPackageProductDependency section */
		7ADA0B922C01E1C100CB309D /* RealmSwift */ = {
			isa = XCSwiftPackageProductDependency;
			package = 7ADA0B8F2C01E1C100CB309D /* XCRemoteSwiftPackageReference "realm-swift" */;
			productName = RealmSwift;
		};
/* End XCSwiftPackageProductDependency section */
	};
	rootObject = 7A68DB012BFE195200D1BC5E /* Project object */;
}
